
Microsoft Visual Studio Solution File, Format Version 10.00
# Visual Studio 2008
Project("{FAE04EC0-301F-11D3-BF4B-00C04F79EFBC}") = "EX0408", "EX0408.csproj", "{0ABFD747-90C9-4026-9E8E-0EA800B8BA00}"
EndProject
Global
	GlobalSection(SolutionConfigurationPlatforms) = preSolution
		Debug|Any CPU = Debug|Any CPU
		Release|Any CPU = Release|Any CPU
	EndGlobalSection
	GlobalSection(ProjectConfigurationPlatforms) = postSolution
		{0ABFD747-90C9-4026-9E8E-0EA800B8BA00}.Debug|Any CPU.ActiveCfg = Debug|Any CPU
		{0ABFD747-90C9-4026-9E8E-0EA800B8BA00}.Debug|Any CPU.Build.0 = Debug|Any CPU
		{0ABFD747-90C9-4026-9E8E-0EA800B8BA00}.Release|Any CPU.ActiveCfg = Release|Any CPU
		{0ABFD747-90C9-4026-9E8E-0EA800B8BA00}.Release|Any CPU.Build.0 = Release|Any CPU
	EndGlobalSection
	GlobalSection(SolutionProperties) = preSolution
		HideSolutionNode = FALSE
	EndGlobalSection
EndGlobal
