
Microsoft Visual Studio Solution File, Format Version 12.00
# Visual Studio 2013
VisualStudioVersion = 12.0.30723.0
MinimumVisualStudioVersion = 10.0.40219.1
Project("{FAE04EC0-301F-11D3-BF4B-00C04F79EFBC}") = "menus", "menus\menus.csproj", "{4E89D01D-B876-4FE4-82CD-7D7B0C3FEF62}"
EndProject
Global
	GlobalSection(SolutionConfigurationPlatforms) = preSolution
		Debug|Any CPU = Debug|Any CPU
		Release|Any CPU = Release|Any CPU
	EndGlobalSection
	GlobalSection(ProjectConfigurationPlatforms) = postSolution
		{4E89D01D-B876-4FE4-82CD-7D7B0C3FEF62}.Debug|Any CPU.ActiveCfg = Debug|Any CPU
		{4E89D01D-B876-4FE4-82CD-7D7B0C3FEF62}.Debug|Any CPU.Build.0 = Debug|Any CPU
		{4E89D01D-B876-4FE4-82CD-7D7B0C3FEF62}.Release|Any CPU.ActiveCfg = Release|Any CPU
		{4E89D01D-B876-4FE4-82CD-7D7B0C3FEF62}.Release|Any CPU.Build.0 = Release|Any CPU
	EndGlobalSection
	GlobalSection(SolutionProperties) = preSolution
		HideSolutionNode = FALSE
	EndGlobalSection
EndGlobal
